
Microsoft Visual Studio Solution File, Format Version 12.00
# Visual Studio Version 17
VisualStudioVersion = 17.0.32014.148
MinimumVisualStudioVersion = 10.0.40219.1
Project("{9A19103F-16F7-4668-BE54-9A1E7A4F7556}") = "ComponentBuisinessLogic", "ComponentBuisinessLogic\ComponentBuisinessLogic.csproj", "{1D82C581-DC31-4E04-825C-1BD82A127038}"
EndProject
Project("{9A19103F-16F7-4668-BE54-9A1E7A4F7556}") = "ComponentAccessToDB", "ComponentAccessToDB\ComponentAccessToDB.csproj", "{87945B3F-174A-4A3F-94B3-829B9DED42E5}"
EndProject
Project("{9A19103F-16F7-4668-BE54-9A1E7A4F7556}") = "Test4", "Test4\Test4.csproj", "{7E196E21-2A5E-488B-B12E-AB6E7D5298DB}"
	ProjectSection(ProjectDependencies) = postProject
		{1D82C581-DC31-4E04-825C-1BD82A127038} = {1D82C581-DC31-4E04-825C-1BD82A127038}
		{87945B3F-174A-4A3F-94B3-829B9DED42E5} = {87945B3F-174A-4A3F-94B3-829B9DED42E5}
	EndProjectSection
EndProject
Project("{9A19103F-16F7-4668-BE54-9A1E7A4F7556}") = "TrasferSystemTests", "TrasferSystemTests\TrasferSystemTests.csproj", "{0BFF1821-1D62-4115-AD38-47231A615587}"
EndProject
Project("{9A19103F-16F7-4668-BE54-9A1E7A4F7556}") = "TestBL", "TestBL\TestBL.csproj", "{9FFFE5F2-66DB-4E47-AF76-45BC70510772}"
EndProject
Project("{FAE04EC0-301F-11D3-BF4B-00C04F79EFBC}") = "IntegrationTests", "IntegrationTests\IntegrationTests.csproj", "{C8F94F4C-9090-4F85-9325-6C359E5F7BD8}"
	ProjectSection(ProjectDependencies) = postProject
		{1D82C581-DC31-4E04-825C-1BD82A127038} = {1D82C581-DC31-4E04-825C-1BD82A127038}
	EndProjectSection
EndProject
Project("{9A19103F-16F7-4668-BE54-9A1E7A4F7556}") = "E2ETest", "E2ETest\E2ETest.csproj", "{120CA0F9-422C-471F-BCE7-EAEBD8CC2943}"
	ProjectSection(ProjectDependencies) = postProject
		{87945B3F-174A-4A3F-94B3-829B9DED42E5} = {87945B3F-174A-4A3F-94B3-829B9DED42E5}
	EndProjectSection
EndProject
Global
	GlobalSection(SolutionConfigurationPlatforms) = preSolution
		Debug|Any CPU = Debug|Any CPU
		Debug|x64 = Debug|x64
		Debug|x86 = Debug|x86
		Release|Any CPU = Release|Any CPU
		Release|x64 = Release|x64
		Release|x86 = Release|x86
	EndGlobalSection
	GlobalSection(ProjectConfigurationPlatforms) = postSolution
		{1D82C581-DC31-4E04-825C-1BD82A127038}.Debug|Any CPU.ActiveCfg = Debug|Any CPU
		{1D82C581-DC31-4E04-825C-1BD82A127038}.Debug|Any CPU.Build.0 = Debug|Any CPU
		{1D82C581-DC31-4E04-825C-1BD82A127038}.Debug|x64.ActiveCfg = Debug|Any CPU
		{1D82C581-DC31-4E04-825C-1BD82A127038}.Debug|x64.Build.0 = Debug|Any CPU
		{1D82C581-DC31-4E04-825C-1BD82A127038}.Debug|x86.ActiveCfg = Debug|Any CPU
		{1D82C581-DC31-4E04-825C-1BD82A127038}.Debug|x86.Build.0 = Debug|Any CPU
		{1D82C581-DC31-4E04-825C-1BD82A127038}.Release|Any CPU.ActiveCfg = Release|Any CPU
		{1D82C581-DC31-4E04-825C-1BD82A127038}.Release|Any CPU.Build.0 = Release|Any CPU
		{1D82C581-DC31-4E04-825C-1BD82A127038}.Release|x64.ActiveCfg = Release|Any CPU
		{1D82C581-DC31-4E04-825C-1BD82A127038}.Release|x64.Build.0 = Release|Any CPU
		{1D82C581-DC31-4E04-825C-1BD82A127038}.Release|x86.ActiveCfg = Release|Any CPU
		{1D82C581-DC31-4E04-825C-1BD82A127038}.Release|x86.Build.0 = Release|Any CPU
		{87945B3F-174A-4A3F-94B3-829B9DED42E5}.Debug|Any CPU.ActiveCfg = Debug|Any CPU
		{87945B3F-174A-4A3F-94B3-829B9DED42E5}.Debug|Any CPU.Build.0 = Debug|Any CPU
		{87945B3F-174A-4A3F-94B3-829B9DED42E5}.Debug|x64.ActiveCfg = Debug|Any CPU
		{87945B3F-174A-4A3F-94B3-829B9DED42E5}.Debug|x64.Build.0 = Debug|Any CPU
		{87945B3F-174A-4A3F-94B3-829B9DED42E5}.Debug|x86.ActiveCfg = Debug|Any CPU
		{87945B3F-174A-4A3F-94B3-829B9DED42E5}.Debug|x86.Build.0 = Debug|Any CPU
		{87945B3F-174A-4A3F-94B3-829B9DED42E5}.Release|Any CPU.ActiveCfg = Release|Any CPU
		{87945B3F-174A-4A3F-94B3-829B9DED42E5}.Release|Any CPU.Build.0 = Release|Any CPU
		{87945B3F-174A-4A3F-94B3-829B9DED42E5}.Release|x64.ActiveCfg = Release|Any CPU
		{87945B3F-174A-4A3F-94B3-829B9DED42E5}.Release|x64.Build.0 = Release|Any CPU
		{87945B3F-174A-4A3F-94B3-829B9DED42E5}.Release|x86.ActiveCfg = Release|Any CPU
		{87945B3F-174A-4A3F-94B3-829B9DED42E5}.Release|x86.Build.0 = Release|Any CPU
		{7E196E21-2A5E-488B-B12E-AB6E7D5298DB}.Debug|Any CPU.ActiveCfg = Debug|Any CPU
		{7E196E21-2A5E-488B-B12E-AB6E7D5298DB}.Debug|Any CPU.Build.0 = Debug|Any CPU
		{7E196E21-2A5E-488B-B12E-AB6E7D5298DB}.Debug|x64.ActiveCfg = Debug|Any CPU
		{7E196E21-2A5E-488B-B12E-AB6E7D5298DB}.Debug|x64.Build.0 = Debug|Any CPU
		{7E196E21-2A5E-488B-B12E-AB6E7D5298DB}.Debug|x86.ActiveCfg = Debug|Any CPU
		{7E196E21-2A5E-488B-B12E-AB6E7D5298DB}.Debug|x86.Build.0 = Debug|Any CPU
		{7E196E21-2A5E-488B-B12E-AB6E7D5298DB}.Release|Any CPU.ActiveCfg = Release|Any CPU
		{7E196E21-2A5E-488B-B12E-AB6E7D5298DB}.Release|Any CPU.Build.0 = Release|Any CPU
		{7E196E21-2A5E-488B-B12E-AB6E7D5298DB}.Release|x64.ActiveCfg = Release|Any CPU
		{7E196E21-2A5E-488B-B12E-AB6E7D5298DB}.Release|x64.Build.0 = Release|Any CPU
		{7E196E21-2A5E-488B-B12E-AB6E7D5298DB}.Release|x86.ActiveCfg = Release|Any CPU
		{7E196E21-2A5E-488B-B12E-AB6E7D5298DB}.Release|x86.Build.0 = Release|Any CPU
		{0BFF1821-1D62-4115-AD38-47231A615587}.Debug|Any CPU.ActiveCfg = Debug|Any CPU
		{0BFF1821-1D62-4115-AD38-47231A615587}.Debug|Any CPU.Build.0 = Debug|Any CPU
		{0BFF1821-1D62-4115-AD38-47231A615587}.Debug|x64.ActiveCfg = Debug|Any CPU
		{0BFF1821-1D62-4115-AD38-47231A615587}.Debug|x64.Build.0 = Debug|Any CPU
		{0BFF1821-1D62-4115-AD38-47231A615587}.Debug|x86.ActiveCfg = Debug|Any CPU
		{0BFF1821-1D62-4115-AD38-47231A615587}.Debug|x86.Build.0 = Debug|Any CPU
		{0BFF1821-1D62-4115-AD38-47231A615587}.Release|Any CPU.ActiveCfg = Release|Any CPU
		{0BFF1821-1D62-4115-AD38-47231A615587}.Release|Any CPU.Build.0 = Release|Any CPU
		{0BFF1821-1D62-4115-AD38-47231A615587}.Release|x64.ActiveCfg = Release|Any CPU
		{0BFF1821-1D62-4115-AD38-47231A615587}.Release|x64.Build.0 = Release|Any CPU
		{0BFF1821-1D62-4115-AD38-47231A615587}.Release|x86.ActiveCfg = Release|Any CPU
		{0BFF1821-1D62-4115-AD38-47231A615587}.Release|x86.Build.0 = Release|Any CPU
		{9FFFE5F2-66DB-4E47-AF76-45BC70510772}.Debug|Any CPU.ActiveCfg = Debug|Any CPU
		{9FFFE5F2-66DB-4E47-AF76-45BC70510772}.Debug|Any CPU.Build.0 = Debug|Any CPU
		{9FFFE5F2-66DB-4E47-AF76-45BC70510772}.Debug|x64.ActiveCfg = Debug|Any CPU
		{9FFFE5F2-66DB-4E47-AF76-45BC70510772}.Debug|x64.Build.0 = Debug|Any CPU
		{9FFFE5F2-66DB-4E47-AF76-45BC70510772}.Debug|x86.ActiveCfg = Debug|Any CPU
		{9FFFE5F2-66DB-4E47-AF76-45BC70510772}.Debug|x86.Build.0 = Debug|Any CPU
		{9FFFE5F2-66DB-4E47-AF76-45BC70510772}.Release|Any CPU.ActiveCfg = Release|Any CPU
		{9FFFE5F2-66DB-4E47-AF76-45BC70510772}.Release|Any CPU.Build.0 = Release|Any CPU
		{9FFFE5F2-66DB-4E47-AF76-45BC70510772}.Release|x64.ActiveCfg = Release|Any CPU
		{9FFFE5F2-66DB-4E47-AF76-45BC70510772}.Release|x64.Build.0 = Release|Any CPU
		{9FFFE5F2-66DB-4E47-AF76-45BC70510772}.Release|x86.ActiveCfg = Release|Any CPU
		{9FFFE5F2-66DB-4E47-AF76-45BC70510772}.Release|x86.Build.0 = Release|Any CPU
		{C8F94F4C-9090-4F85-9325-6C359E5F7BD8}.Debug|Any CPU.ActiveCfg = Debug|Any CPU
		{C8F94F4C-9090-4F85-9325-6C359E5F7BD8}.Debug|Any CPU.Build.0 = Debug|Any CPU
		{C8F94F4C-9090-4F85-9325-6C359E5F7BD8}.Debug|x64.ActiveCfg = Debug|Any CPU
		{C8F94F4C-9090-4F85-9325-6C359E5F7BD8}.Debug|x64.Build.0 = Debug|Any CPU
		{C8F94F4C-9090-4F85-9325-6C359E5F7BD8}.Debug|x86.ActiveCfg = Debug|Any CPU
		{C8F94F4C-9090-4F85-9325-6C359E5F7BD8}.Debug|x86.Build.0 = Debug|Any CPU
		{C8F94F4C-9090-4F85-9325-6C359E5F7BD8}.Release|Any CPU.ActiveCfg = Release|Any CPU
		{C8F94F4C-9090-4F85-9325-6C359E5F7BD8}.Release|Any CPU.Build.0 = Release|Any CPU
		{C8F94F4C-9090-4F85-9325-6C359E5F7BD8}.Release|x64.ActiveCfg = Release|Any CPU
		{C8F94F4C-9090-4F85-9325-6C359E5F7BD8}.Release|x64.Build.0 = Release|Any CPU
		{C8F94F4C-9090-4F85-9325-6C359E5F7BD8}.Release|x86.ActiveCfg = Release|Any CPU
		{C8F94F4C-9090-4F85-9325-6C359E5F7BD8}.Release|x86.Build.0 = Release|Any CPU
		{120CA0F9-422C-471F-BCE7-EAEBD8CC2943}.Debug|Any CPU.ActiveCfg = Debug|Any CPU
		{120CA0F9-422C-471F-BCE7-EAEBD8CC2943}.Debug|Any CPU.Build.0 = Debug|Any CPU
		{120CA0F9-422C-471F-BCE7-EAEBD8CC2943}.Debug|x64.ActiveCfg = Debug|Any CPU
		{120CA0F9-422C-471F-BCE7-EAEBD8CC2943}.Debug|x64.Build.0 = Debug|Any CPU
		{120CA0F9-422C-471F-BCE7-EAEBD8CC2943}.Debug|x86.ActiveCfg = Debug|Any CPU
		{120CA0F9-422C-471F-BCE7-EAEBD8CC2943}.Debug|x86.Build.0 = Debug|Any CPU
		{120CA0F9-422C-471F-BCE7-EAEBD8CC2943}.Release|Any CPU.ActiveCfg = Release|Any CPU
		{120CA0F9-422C-471F-BCE7-EAEBD8CC2943}.Release|Any CPU.Build.0 = Release|Any CPU
		{120CA0F9-422C-471F-BCE7-EAEBD8CC2943}.Release|x64.ActiveCfg = Release|Any CPU
		{120CA0F9-422C-471F-BCE7-EAEBD8CC2943}.Release|x64.Build.0 = Release|Any CPU
		{120CA0F9-422C-471F-BCE7-EAEBD8CC2943}.Release|x86.ActiveCfg = Release|Any CPU
		{120CA0F9-422C-471F-BCE7-EAEBD8CC2943}.Release|x86.Build.0 = Release|Any CPU
	EndGlobalSection
	GlobalSection(SolutionProperties) = preSolution
		HideSolutionNode = FALSE
	EndGlobalSection
	GlobalSection(ExtensibilityGlobals) = postSolution
		SolutionGuid = {C49EB46F-E7BD-4241-BE50-AF8A85AB6950}
	EndGlobalSection
EndGlobal
